
Microsoft Visual Studio Solution File, Format Version 12.00
# Visual Studio Version 17
VisualStudioVersion = 17.8.34330.188
MinimumVisualStudioVersion = 10.0.40219.1
Project("{2150E333-8FDC-42A3-9474-1A3956D46DE8}") = "00. Client", "00. Client", "{A0D5DDAE-27B1-4068-A034-64957C23F802}"
EndProject
Project("{2150E333-8FDC-42A3-9474-1A3956D46DE8}") = "01. Engine", "01. Engine", "{5887DD3F-930A-461C-810F-C00B3F623362}"
EndProject
Project("{2150E333-8FDC-42A3-9474-1A3956D46DE8}") = "02. Base", "02. Base", "{EBF90A48-B9C3-43C3-9853-4733D017597E}"
	ProjectSection(SolutionItems) = preProject
		Base\Base.h = Base\Base.h
		Base\Base.inl = Base\Base.inl
	EndProjectSection
EndProject
Project("{2150E333-8FDC-42A3-9474-1A3956D46DE8}") = "02. Header", "02. Header", "{CEF90D49-166B-4FF4-9C84-B3C4B2D59DD1}"
	ProjectSection(SolutionItems) = preProject
		Engine\Header\Engine_Define.h = Engine\Header\Engine_Define.h
		Engine\Header\Engine_Enum.h = Engine\Header\Engine_Enum.h
		Engine\Header\Engine_Function.h = Engine\Header\Engine_Function.h
		Engine\Header\Engine_Macro.h = Engine\Header\Engine_Macro.h
		Engine\Header\Engine_Struct.h = Engine\Header\Engine_Struct.h
		Engine\Header\Engine_Typedef.h = Engine\Header\Engine_Typedef.h
	EndProjectSection
EndProject
Project("{2150E333-8FDC-42A3-9474-1A3956D46DE8}") = "01. Utillity", "01. Utillity", "{092CA4FB-CD8E-4F5B-9C2B-325468FFE41A}"
EndProject
Project("{2150E333-8FDC-42A3-9474-1A3956D46DE8}") = "00. System", "00. System", "{9E5937B1-080C-4656-A721-8654F160B565}"
EndProject
Project("{8BC9CEB8-8B4A-11D0-8D11-00A0C91BC942}") = "System", "Engine\System\Include\System.vcxproj", "{828A341F-D015-4426-88AA-903C5AF0E266}"
EndProject
Project("{8BC9CEB8-8B4A-11D0-8D11-00A0C91BC942}") = "Utillity", "Engine\Utility\Include\Utillity.vcxproj", "{2DEC1931-6B5B-4BAB-BE26-391D851A3580}"
EndProject
Project("{8BC9CEB8-8B4A-11D0-8D11-00A0C91BC942}") = "JusinSR", "Client\Include\JusinSR.vcxproj", "{25B6AE7C-68CE-4DBB-BE19-6BDD1662601E}"
EndProject
Global
	GlobalSection(SolutionConfigurationPlatforms) = preSolution
		Debug|x64 = Debug|x64
		Debug|x86 = Debug|x86
		Release|x64 = Release|x64
		Release|x86 = Release|x86
	EndGlobalSection
	GlobalSection(ProjectConfigurationPlatforms) = postSolution
		{828A341F-D015-4426-88AA-903C5AF0E266}.Debug|x64.ActiveCfg = Debug|x64
		{828A341F-D015-4426-88AA-903C5AF0E266}.Debug|x64.Build.0 = Debug|x64
		{828A341F-D015-4426-88AA-903C5AF0E266}.Debug|x86.ActiveCfg = Debug|Win32
		{828A341F-D015-4426-88AA-903C5AF0E266}.Debug|x86.Build.0 = Debug|Win32
		{828A341F-D015-4426-88AA-903C5AF0E266}.Release|x64.ActiveCfg = Release|x64
		{828A341F-D015-4426-88AA-903C5AF0E266}.Release|x64.Build.0 = Release|x64
		{828A341F-D015-4426-88AA-903C5AF0E266}.Release|x86.ActiveCfg = Release|Win32
		{828A341F-D015-4426-88AA-903C5AF0E266}.Release|x86.Build.0 = Release|Win32
		{2DEC1931-6B5B-4BAB-BE26-391D851A3580}.Debug|x64.ActiveCfg = Debug|x64
		{2DEC1931-6B5B-4BAB-BE26-391D851A3580}.Debug|x64.Build.0 = Debug|x64
		{2DEC1931-6B5B-4BAB-BE26-391D851A3580}.Debug|x86.ActiveCfg = Debug|Win32
		{2DEC1931-6B5B-4BAB-BE26-391D851A3580}.Debug|x86.Build.0 = Debug|Win32
		{2DEC1931-6B5B-4BAB-BE26-391D851A3580}.Release|x64.ActiveCfg = Release|x64
		{2DEC1931-6B5B-4BAB-BE26-391D851A3580}.Release|x64.Build.0 = Release|x64
		{2DEC1931-6B5B-4BAB-BE26-391D851A3580}.Release|x86.ActiveCfg = Release|Win32
		{2DEC1931-6B5B-4BAB-BE26-391D851A3580}.Release|x86.Build.0 = Release|Win32
		{25B6AE7C-68CE-4DBB-BE19-6BDD1662601E}.Debug|x64.ActiveCfg = Debug|x64
		{25B6AE7C-68CE-4DBB-BE19-6BDD1662601E}.Debug|x64.Build.0 = Debug|x64
		{25B6AE7C-68CE-4DBB-BE19-6BDD1662601E}.Debug|x86.ActiveCfg = Debug|Win32
		{25B6AE7C-68CE-4DBB-BE19-6BDD1662601E}.Debug|x86.Build.0 = Debug|Win32
		{25B6AE7C-68CE-4DBB-BE19-6BDD1662601E}.Release|x64.ActiveCfg = Release|x64
		{25B6AE7C-68CE-4DBB-BE19-6BDD1662601E}.Release|x64.Build.0 = Release|x64
		{25B6AE7C-68CE-4DBB-BE19-6BDD1662601E}.Release|x86.ActiveCfg = Release|Win32
		{25B6AE7C-68CE-4DBB-BE19-6BDD1662601E}.Release|x86.Build.0 = Release|Win32
	EndGlobalSection
	GlobalSection(SolutionProperties) = preSolution
		HideSolutionNode = FALSE
	EndGlobalSection
	GlobalSection(NestedProjects) = preSolution
		{CEF90D49-166B-4FF4-9C84-B3C4B2D59DD1} = {5887DD3F-930A-461C-810F-C00B3F623362}
		{092CA4FB-CD8E-4F5B-9C2B-325468FFE41A} = {5887DD3F-930A-461C-810F-C00B3F623362}
		{9E5937B1-080C-4656-A721-8654F160B565} = {5887DD3F-930A-461C-810F-C00B3F623362}
		{828A341F-D015-4426-88AA-903C5AF0E266} = {9E5937B1-080C-4656-A721-8654F160B565}
		{2DEC1931-6B5B-4BAB-BE26-391D851A3580} = {092CA4FB-CD8E-4F5B-9C2B-325468FFE41A}
		{25B6AE7C-68CE-4DBB-BE19-6BDD1662601E} = {A0D5DDAE-27B1-4068-A034-64957C23F802}
	EndGlobalSection
	GlobalSection(ExtensibilityGlobals) = postSolution
		SolutionGuid = {8EEDFC2C-5E40-40F6-A073-60A82558EAC3}
	EndGlobalSection
EndGlobal
