<?xml version="1.0" encoding="utf-8"?>
<Project ToolsVersion="4.0" xmlns="http://schemas.microsoft.com/developer/msbuild/2003">
  <ItemGroup>
    <Filter Include="소스 파일">
      <UniqueIdentifier>{4FC737F1-C7A5-4376-A066-2A32D752A2FF}</UniqueIdentifier>
      <Extensions>cpp;c;cc;cxx;def;odl;idl;hpj;bat;asm;asmx</Extensions>
    </Filter>
    <Filter Include="헤더 파일">
      <UniqueIdentifier>{93995380-89BD-4b04-88EB-625FBE52EBFB}</UniqueIdentifier>
      <Extensions>h;hh;hpp;hxx;hm;inl;inc;xsd</Extensions>
    </Filter>
    <Filter Include="리소스 파일">
      <UniqueIdentifier>{67DA6AB6-F800-4c08-8B7A-83BB121AAD01}</UniqueIdentifier>
      <Extensions>rc;ico;cur;bmp;dlg;rc2;rct;bin;rgs;gif;jpg;jpeg;jpe;resx;tiff;tif;png;wav;mfcribbon-ms</Extensions>
    </Filter>
    <Filter Include="00. MainApp">
      <UniqueIdentifier>{31f9223f-9ea1-4975-99ff-d79d1e80eaec}</UniqueIdentifier>
    </Filter>
    <Filter Include="01. Scene">
      <UniqueIdentifier>{032dc322-8cac-402d-b7c8-f28bd295ad01}</UniqueIdentifier>
    </Filter>
    <Filter Include="01. Scene\00. Logo">
      <UniqueIdentifier>{b69a622f-1c39-4bf8-a2a6-eea81dad8542}</UniqueIdentifier>
    </Filter>
    <Filter Include="02. GameObject">
      <UniqueIdentifier>{d33425c8-21da-4501-8c83-db31b85383d1}</UniqueIdentifier>
    </Filter>
    <Filter Include="02. GameObject\00. Player">
      <UniqueIdentifier>{a6602c64-0898-4b52-bef5-5ee28c0805d6}</UniqueIdentifier>
    </Filter>
    <Filter Include="01. Scene\01. Stage">
      <UniqueIdentifier>{a905bb56-992b-4611-8993-b5a2b03e9d53}</UniqueIdentifier>
    </Filter>
    <Filter Include="01. Scene\02. Loading">
      <UniqueIdentifier>{89705071-0729-4d54-9f78-76eae7401dd7}</UniqueIdentifier>
    </Filter>
    <Filter Include="02. GameObject\03. Terrain">
      <UniqueIdentifier>{17ee7a57-6de4-48cc-8ff7-0036d242cb25}</UniqueIdentifier>
    </Filter>
    <Filter Include="02. GameObject\04. DynamicCamera">
      <UniqueIdentifier>{86e6126b-c3e2-4dad-bc61-b320b907088e}</UniqueIdentifier>
    </Filter>
    <Filter Include="02. GameObject\05. SkyBox">
      <UniqueIdentifier>{057f627c-123e-4ed4-85e4-3ed11edbe730}</UniqueIdentifier>
    </Filter>
    <Filter Include="02. GameObject\06. Effect">
      <UniqueIdentifier>{69e88a4c-ddb1-4a70-a8a5-7d9df5c571a5}</UniqueIdentifier>
    </Filter>
    <Filter Include="02. GameObject\07. CUI">
      <UniqueIdentifier>{581c379a-b1fb-41bb-b56a-54d6521b2626}</UniqueIdentifier>
    </Filter>
    <Filter Include="02. GameObject\08. ResObjects">
      <UniqueIdentifier>{00ead524-a766-483f-bffa-43a8700f465a}</UniqueIdentifier>
    </Filter>
    <Filter Include="02. GameObject\08. ResObjects\01. Rock">
      <UniqueIdentifier>{f49cb941-3133-468e-aebf-b01e2d77bd10}</UniqueIdentifier>
    </Filter>
    <Filter Include="02. GameObject\08. ResObjects\02. Grass">
      <UniqueIdentifier>{1d8589b4-56d3-46d6-8aad-4b2022d312aa}</UniqueIdentifier>
    </Filter>
    <Filter Include="02. GameObject\01. Beefalo">
      <UniqueIdentifier>{f83f9163-d17a-4cdc-85ce-4c1b056c4f8c}</UniqueIdentifier>
    </Filter>
  </ItemGroup>
  <ItemGroup>
    <Text Include="ReadMe.txt" />
  </ItemGroup>
  <ItemGroup>
    <ClInclude Include="stdafx.h">
      <Filter>헤더 파일</Filter>
    </ClInclude>
    <ClInclude Include="targetver.h">
      <Filter>헤더 파일</Filter>
    </ClInclude>
    <ClInclude Include="Resource.h">
      <Filter>헤더 파일</Filter>
    </ClInclude>
    <ClInclude Include="Client.h">
      <Filter>소스 파일</Filter>
    </ClInclude>
    <ClInclude Include="..\Header\MainApp.h">
      <Filter>00. MainApp</Filter>
    </ClInclude>
    <ClInclude Include="..\Header\Player.h">
      <Filter>02. GameObject\00. Player</Filter>
    </ClInclude>
    <ClInclude Include="..\Header\Stage.h">
      <Filter>01. Scene\01. Stage</Filter>
    </ClInclude>
    <ClInclude Include="..\Header\Loading.h">
      <Filter>01. Scene\02. Loading</Filter>
    </ClInclude>
    <ClInclude Include="..\Header\Terrain.h">
      <Filter>02. GameObject\03. Terrain</Filter>
    </ClInclude>
    <ClInclude Include="..\Header\DynamicCamera.h">
      <Filter>02. GameObject\04. DynamicCamera</Filter>
    </ClInclude>
    <ClInclude Include="..\Header\SkyBox.h">
      <Filter>02. GameObject\05. SkyBox</Filter>
    </ClInclude>
    <ClInclude Include="..\Header\Effect.h">
      <Filter>02. GameObject\06. Effect</Filter>
    </ClInclude>
    <ClInclude Include="..\Header\Logo.h">
      <Filter>01. Scene\00. Logo</Filter>
    </ClInclude>
    <ClInclude Include="..\Header\CUI.h">
      <Filter>02. GameObject\07. CUI</Filter>
    </ClInclude>
    <ClInclude Include="..\Header\CObjectRock.h">
      <Filter>02. GameObject\08. ResObjects\01. Rock</Filter>
    </ClInclude>
    <ClInclude Include="..\Header\CObjectGrass.h">
      <Filter>02. GameObject\08. ResObjects\02. Grass</Filter>
    </ClInclude>
    <ClInclude Include="..\Header\Beefalo.h">
      <Filter>02. GameObject\01. Beefalo</Filter>
    </ClInclude>
  </ItemGroup>
  <ItemGroup>
    <ClCompile Include="stdafx.cpp">
      <Filter>소스 파일</Filter>
    </ClCompile>
    <ClCompile Include="Client.cpp">
      <Filter>소스 파일</Filter>
    </ClCompile>
    <ClCompile Include="..\Code\MainApp.cpp">
      <Filter>00. MainApp</Filter>
    </ClCompile>
    <ClCompile Include="..\Code\Player.cpp">
      <Filter>02. GameObject\00. Player</Filter>
    </ClCompile>
    <ClCompile Include="..\Code\Stage.cpp">
      <Filter>01. Scene\01. Stage</Filter>
    </ClCompile>
    <ClCompile Include="..\Code\Loading.cpp">
      <Filter>01. Scene\02. Loading</Filter>
    </ClCompile>
    <ClCompile Include="..\Code\Terrain.cpp">
      <Filter>02. GameObject\03. Terrain</Filter>
    </ClCompile>
    <ClCompile Include="..\Code\DynamicCamera.cpp">
      <Filter>02. GameObject\04. DynamicCamera</Filter>
    </ClCompile>
    <ClCompile Include="..\Code\SkyBox.cpp">
      <Filter>02. GameObject\05. SkyBox</Filter>
    </ClCompile>
    <ClCompile Include="..\Code\Effect.cpp">
      <Filter>02. GameObject\06. Effect</Filter>
    </ClCompile>
    <ClCompile Include="..\Code\Logo.cpp">
      <Filter>01. Scene\00. Logo</Filter>
    </ClCompile>
    <ClCompile Include="..\Code\CUI.cpp">
      <Filter>02. GameObject\07. CUI</Filter>
    </ClCompile>
    <ClCompile Include="..\Code\CObjectRock.cpp">
      <Filter>02. GameObject\08. ResObjects\01. Rock</Filter>
    </ClCompile>
    <ClCompile Include="..\Code\CObjectGrass.cpp">
      <Filter>02. GameObject\08. ResObjects\02. Grass</Filter>
    </ClCompile>
    <ClCompile Include="..\Code\Beefalo.cpp">
      <Filter>02. GameObject\01. Beefalo</Filter>
    </ClCompile>
  </ItemGroup>
  <ItemGroup>
    <ResourceCompile Include="Client.rc">
      <Filter>리소스 파일</Filter>
    </ResourceCompile>
  </ItemGroup>
  <ItemGroup>
    <Image Include="small.ico">
      <Filter>리소스 파일</Filter>
    </Image>
    <Image Include="Client.ico">
      <Filter>리소스 파일</Filter>
    </Image>
  </ItemGroup>
</Project>