<?xml version="1.0" encoding="utf-8"?>
<Project ToolsVersion="4.0" xmlns="http://schemas.microsoft.com/developer/msbuild/2003">
  <ItemGroup>
    <ClCompile Include="..\Code\Beefalo.cpp" />
    <ClCompile Include="..\Code\CInven.cpp" />
    <ClCompile Include="..\Code\CInvenBox.cpp" />
    <ClCompile Include="..\Code\CInventoryMgr.cpp" />
    <ClCompile Include="..\Code\CItem.cpp" />
    <ClCompile Include="..\Code\CItemFood.cpp" />
    <ClCompile Include="..\Code\CObjectGrass.cpp" />
    <ClCompile Include="..\Code\CObjectRock.cpp" />
    <ClCompile Include="..\Code\CObjectTree.cpp" />
    <ClCompile Include="..\Code\CPigHouse.cpp" />
    <ClCompile Include="..\Code\CUI.cpp" />
    <ClCompile Include="..\Code\DeerClops.cpp" />
    <ClCompile Include="..\Code\DynamicCamera.cpp" />
    <ClCompile Include="..\Code\Effect.cpp" />
    <ClCompile Include="..\Code\Loading.cpp" />
    <ClCompile Include="..\Code\Logo.cpp" />
    <ClCompile Include="..\Code\MainApp.cpp" />
    <ClCompile Include="..\Code\Monster.cpp" />
    <ClCompile Include="..\Code\Pig.cpp" />
    <ClCompile Include="..\Code\Player.cpp" />
    <ClCompile Include="..\Code\ResObject.cpp" />
    <ClCompile Include="..\Code\SkyBox.cpp" />
    <ClCompile Include="..\Code\Spider.cpp" />
    <ClCompile Include="..\Code\Stage.cpp" />
    <ClCompile Include="..\Code\Terrain.cpp" />
    <ClCompile Include="Client.cpp" />
    <ClCompile Include="stdafx.cpp" />
  </ItemGroup>
  <ItemGroup>
    <ClInclude Include="..\Header\Beefalo.h" />
    <ClInclude Include="..\Header\CInven.h" />
    <ClInclude Include="..\Header\CInvenBox.h" />
    <ClInclude Include="..\Header\CInventoryMgr.h" />
    <ClInclude Include="..\Header\CItem.h" />
    <ClInclude Include="..\Header\CItemFood.h" />
    <ClInclude Include="..\Header\CObjectGrass.h" />
    <ClInclude Include="..\Header\CObjectRock.h" />
    <ClInclude Include="..\Header\CObjectTree.h" />
    <ClInclude Include="..\Header\CPigHouse.h" />
    <ClInclude Include="..\Header\CUI.h" />
    <ClInclude Include="..\Header\DeerClops.h" />
    <ClInclude Include="..\Header\DynamicCamera.h" />
    <ClInclude Include="..\Header\Effect.h" />
    <ClInclude Include="..\Header\Loading.h" />
    <ClInclude Include="..\Header\Logo.h" />
    <ClInclude Include="..\Header\MainApp.h" />
    <ClInclude Include="..\Header\Monster.h" />
    <ClInclude Include="..\Header\Pig.h" />
    <ClInclude Include="..\Header\Player.h" />
    <ClInclude Include="..\Header\ResObject.h" />
    <ClInclude Include="..\Header\SkyBox.h" />
    <ClInclude Include="..\Header\Spider.h" />
    <ClInclude Include="..\Header\Stage.h" />
    <ClInclude Include="..\Header\Terrain.h" />
    <ClInclude Include="Client.h" />
    <ClInclude Include="Resource.h" />
    <ClInclude Include="stdafx.h" />
    <ClInclude Include="targetver.h" />
  </ItemGroup>
  <ItemGroup>
    <ResourceCompile Include="Client.rc" />
  </ItemGroup>
  <ItemGroup>
    <Image Include="Client.ico" />
    <Image Include="small.ico" />
  </ItemGroup>
  <ItemGroup>
    <Text Include="ReadMe.txt" />
  </ItemGroup>
</Project>