<?xml version="1.0" encoding="utf-8"?>
<Project ToolsVersion="4.0" xmlns="http://schemas.microsoft.com/developer/msbuild/2003">
  <ItemGroup>
    <Filter Include="소스 파일">
      <UniqueIdentifier>{4FC737F1-C7A5-4376-A066-2A32D752A2FF}</UniqueIdentifier>
      <Extensions>cpp;c;cc;cxx;c++;cppm;ixx;def;odl;idl;hpj;bat;asm;asmx</Extensions>
    </Filter>
    <Filter Include="헤더 파일">
      <UniqueIdentifier>{93995380-89BD-4b04-88EB-625FBE52EBFB}</UniqueIdentifier>
      <Extensions>h;hh;hpp;hxx;h++;hm;inl;inc;ipp;xsd</Extensions>
    </Filter>
    <Filter Include="리소스 파일">
      <UniqueIdentifier>{67DA6AB6-F800-4c08-8B7A-83BB121AAD01}</UniqueIdentifier>
      <Extensions>rc;ico;cur;bmp;dlg;rc2;rct;bin;rgs;gif;jpg;jpeg;jpe;resx;tiff;tif;png;wav;mfcribbon-ms</Extensions>
    </Filter>
    <Filter Include="99. imgui">
      <UniqueIdentifier>{52230945-cc08-43a4-95bf-5eea6a6bf2a2}</UniqueIdentifier>
    </Filter>
    <Filter Include="99. imgui\imgui">
      <UniqueIdentifier>{59931fbd-bbae-4ca6-94af-7eb83ae1983f}</UniqueIdentifier>
    </Filter>
    <Filter Include="99. imgui\backend">
      <UniqueIdentifier>{948a311c-96d0-457d-bc6e-10564d488a4e}</UniqueIdentifier>
    </Filter>
    <Filter Include="00. MainTool">
      <UniqueIdentifier>{42e77b14-2318-4bbe-98ac-838d94942a3f}</UniqueIdentifier>
    </Filter>
    <Filter Include="01. Scene">
      <UniqueIdentifier>{faadec65-bf8c-40aa-9baa-cac07ce9c287}</UniqueIdentifier>
    </Filter>
    <Filter Include="02. Object">
      <UniqueIdentifier>{34b5dd24-5558-429b-bc3b-1a7947e7ff90}</UniqueIdentifier>
    </Filter>
    <Filter Include="02. Object\ToolTerrain">
      <UniqueIdentifier>{136b493d-7b8d-4c7a-9247-7491f75cecbb}</UniqueIdentifier>
    </Filter>
    <Filter Include="02. Object\ToolCamera">
      <UniqueIdentifier>{c18c0c8f-ed0c-420c-bccd-bb8eaa84164d}</UniqueIdentifier>
    </Filter>
    <Filter Include="03. ToolMgr">
      <UniqueIdentifier>{ddf7bbd0-01e5-4704-b84b-f8f0a8d0e8d9}</UniqueIdentifier>
    </Filter>
    <Filter Include="02. Object\Etc">
      <UniqueIdentifier>{a544806b-9e6a-4e1a-a94f-89d6bdd3a409}</UniqueIdentifier>
    </Filter>
    <Filter Include="02. Object\Etc\Tree">
      <UniqueIdentifier>{f1f7e049-5dd2-46bb-8f69-b4a591b0a80e}</UniqueIdentifier>
    </Filter>
    <Filter Include="02. Object\Etc\Rock">
      <UniqueIdentifier>{e227bb02-7ec9-4017-b6dc-e7e7df1a64b2}</UniqueIdentifier>
    </Filter>
    <Filter Include="02. Object\Etc\Grass">
      <UniqueIdentifier>{b05d2684-fa59-42d6-ad64-10806fff4fcb}</UniqueIdentifier>
    </Filter>
    <Filter Include="02. Object\ToolSkyBox">
      <UniqueIdentifier>{80bec7bf-6b5d-43ae-9f6d-b409e86113e6}</UniqueIdentifier>
    </Filter>
    <Filter Include="02. Object\Item">
      <UniqueIdentifier>{dc895043-ec1d-4daf-b243-267d41b7956b}</UniqueIdentifier>
    </Filter>
    <Filter Include="02. Object\Etc\PigHouse">
      <UniqueIdentifier>{7ca0e969-4e73-48ca-952e-2971f704ac19}</UniqueIdentifier>
    </Filter>
    <Filter Include="02. Object\Etc\Berry">
      <UniqueIdentifier>{6e6fc987-14b0-4376-8d8a-1881af79eb6c}</UniqueIdentifier>
    </Filter>
  </ItemGroup>
  <ItemGroup>
    <ClInclude Include="framework.h">
      <Filter>헤더 파일</Filter>
    </ClInclude>
    <ClInclude Include="targetver.h">
      <Filter>헤더 파일</Filter>
    </ClInclude>
    <ClInclude Include="Resource.h">
      <Filter>헤더 파일</Filter>
    </ClInclude>
    <ClInclude Include="Tool.h">
      <Filter>헤더 파일</Filter>
    </ClInclude>
    <ClInclude Include="..\..\imgui\backend\imgui_impl_dx9.h">
      <Filter>99. imgui\backend</Filter>
    </ClInclude>
    <ClInclude Include="..\..\imgui\backend\imgui_impl_win32.h">
      <Filter>99. imgui\backend</Filter>
    </ClInclude>
    <ClInclude Include="..\..\imgui\imgui\imconfig.h">
      <Filter>99. imgui\imgui</Filter>
    </ClInclude>
    <ClInclude Include="..\..\imgui\imgui\imgui.h">
      <Filter>99. imgui\imgui</Filter>
    </ClInclude>
    <ClInclude Include="..\..\imgui\imgui\imgui_internal.h">
      <Filter>99. imgui\imgui</Filter>
    </ClInclude>
    <ClInclude Include="..\..\imgui\imgui\imstb_rectpack.h">
      <Filter>99. imgui\imgui</Filter>
    </ClInclude>
    <ClInclude Include="..\..\imgui\imgui\imstb_textedit.h">
      <Filter>99. imgui\imgui</Filter>
    </ClInclude>
    <ClInclude Include="..\..\imgui\imgui\imstb_truetype.h">
      <Filter>99. imgui\imgui</Filter>
    </ClInclude>
    <ClInclude Include="..\Header\MainTool.h">
      <Filter>00. MainTool</Filter>
    </ClInclude>
    <ClInclude Include="..\Header\ToolTerrain.h">
      <Filter>02. Object\ToolTerrain</Filter>
    </ClInclude>
    <ClInclude Include="..\Header\TerrainScene.h">
      <Filter>01. Scene</Filter>
    </ClInclude>
    <ClInclude Include="..\Header\ToolCamera.h">
      <Filter>02. Object\ToolCamera</Filter>
    </ClInclude>
    <ClInclude Include="..\Header\ToolMgr.h">
      <Filter>03. ToolMgr</Filter>
    </ClInclude>
    <ClInclude Include="..\Header\ToolTree.h">
      <Filter>02. Object\Etc\Tree</Filter>
    </ClInclude>
    <ClInclude Include="..\Header\ToolRock.h">
      <Filter>02. Object\Etc\Rock</Filter>
    </ClInclude>
    <ClInclude Include="..\Header\ToolGrass.h">
      <Filter>02. Object\Etc\Grass</Filter>
    </ClInclude>
    <ClInclude Include="..\Header\ToolSkyBox.h">
      <Filter>02. Object\ToolSkyBox</Filter>
    </ClInclude>
    <ClInclude Include="..\Header\ToolItem.h">
      <Filter>02. Object\Item</Filter>
    </ClInclude>
    <ClInclude Include="..\Header\ToolPigHouse.h">
      <Filter>02. Object\Etc\PigHouse</Filter>
    </ClInclude>
  </ItemGroup>
  <ItemGroup>
    <ClCompile Include="Tool.cpp">
      <Filter>소스 파일</Filter>
    </ClCompile>
    <ClCompile Include="..\..\imgui\backend\imgui_impl_dx9.cpp">
      <Filter>99. imgui\backend</Filter>
    </ClCompile>
    <ClCompile Include="..\..\imgui\backend\imgui_impl_win32.cpp">
      <Filter>99. imgui\backend</Filter>
    </ClCompile>
    <ClCompile Include="..\..\imgui\imgui\imgui.cpp">
      <Filter>99. imgui\imgui</Filter>
    </ClCompile>
    <ClCompile Include="..\..\imgui\imgui\imgui_demo.cpp">
      <Filter>99. imgui\imgui</Filter>
    </ClCompile>
    <ClCompile Include="..\..\imgui\imgui\imgui_draw.cpp">
      <Filter>99. imgui\imgui</Filter>
    </ClCompile>
    <ClCompile Include="..\..\imgui\imgui\imgui_tables.cpp">
      <Filter>99. imgui\imgui</Filter>
    </ClCompile>
    <ClCompile Include="..\..\imgui\imgui\imgui_widgets.cpp">
      <Filter>99. imgui\imgui</Filter>
    </ClCompile>
    <ClCompile Include="..\Code\MainTool.cpp">
      <Filter>00. MainTool</Filter>
    </ClCompile>
    <ClCompile Include="..\Code\ToolTerrain.cpp">
      <Filter>02. Object\ToolTerrain</Filter>
    </ClCompile>
    <ClCompile Include="..\Code\TerrainScene.cpp">
      <Filter>01. Scene</Filter>
    </ClCompile>
    <ClCompile Include="..\Code\ToolCamera.cpp">
      <Filter>02. Object\ToolCamera</Filter>
    </ClCompile>
    <ClCompile Include="..\Code\ToolMgr.cpp">
      <Filter>03. ToolMgr</Filter>
    </ClCompile>
    <ClCompile Include="..\Code\ToolTree.cpp">
      <Filter>02. Object\Etc\Tree</Filter>
    </ClCompile>
    <ClCompile Include="..\Code\ToolRock.cpp">
      <Filter>02. Object\Etc\Rock</Filter>
    </ClCompile>
    <ClCompile Include="..\Code\ToolGrass.cpp">
      <Filter>02. Object\Etc\Grass</Filter>
    </ClCompile>
    <ClCompile Include="..\Code\ToolSkyBox.cpp">
      <Filter>02. Object\ToolSkyBox</Filter>
    </ClCompile>
    <ClCompile Include="..\Code\ToolItem.cpp">
      <Filter>02. Object\Item</Filter>
    </ClCompile>
    <ClCompile Include="..\Code\ToolPigHouse.cpp">
      <Filter>02. Object\Etc\PigHouse</Filter>
    </ClCompile>
  </ItemGroup>
  <ItemGroup>
    <ResourceCompile Include="Tool.rc">
      <Filter>리소스 파일</Filter>
    </ResourceCompile>
  </ItemGroup>
  <ItemGroup>
    <Image Include="small.ico">
      <Filter>리소스 파일</Filter>
    </Image>
    <Image Include="Tool.ico">
      <Filter>리소스 파일</Filter>
    </Image>
  </ItemGroup>
  <ItemGroup>
    <None Include="..\..\imgui\imgui\.editorconfig">
      <Filter>99. imgui\imgui</Filter>
    </None>
    <None Include="..\..\imgui\imgui\.gitattributes">
      <Filter>99. imgui\imgui</Filter>
    </None>
    <None Include="..\..\imgui\imgui\.gitignore">
      <Filter>99. imgui\imgui</Filter>
    </None>
  </ItemGroup>
</Project>